
Microsoft Visual Studio Solution File, Format Version 12.00
# Visual Studio Version 17
VisualStudioVersion = 17.5.33502.453
MinimumVisualStudioVersion = 10.0.40219.1
Project("{FAE04EC0-301F-11D3-BF4B-00C04F79EFBC}") = "App1", "App1\App1.csproj", "{19C850DA-5E13-4FD4-8CAC-D9F9A82F147A}"
EndProject
Global
	GlobalSection(SolutionConfigurationPlatforms) = preSolution
		Debug|Any CPU = Debug|Any CPU
		Release|Any CPU = Release|Any CPU
	EndGlobalSection
	GlobalSection(ProjectConfigurationPlatforms) = postSolution
		{19C850DA-5E13-4FD4-8CAC-D9F9A82F147A}.Debug|Any CPU.ActiveCfg = Debug|Any CPU
		{19C850DA-5E13-4FD4-8CAC-D9F9A82F147A}.Debug|Any CPU.Build.0 = Debug|Any CPU
		{19C850DA-5E13-4FD4-8CAC-D9F9A82F147A}.Release|Any CPU.ActiveCfg = Release|Any CPU
		{19C850DA-5E13-4FD4-8CAC-D9F9A82F147A}.Release|Any CPU.Build.0 = Release|Any CPU
	EndGlobalSection
	GlobalSection(SolutionProperties) = preSolution
		HideSolutionNode = FALSE
	EndGlobalSection
	GlobalSection(ExtensibilityGlobals) = postSolution
		SolutionGuid = {9E56BA8C-C8AC-4386-AE98-E4C62ACEB98B}
	EndGlobalSection
EndGlobal
